
Microsoft Visual Studio Solution File, Format Version 12.00
# Visual Studio 15
VisualStudioVersion = 15.0.28307.852
MinimumVisualStudioVersion = 10.0.40219.1
Project("{FAE04EC0-301F-11D3-BF4B-00C04F79EFBC}") = "GoQuo.Caching", "GoQuo.Caching\GoQuo.Caching.csproj", "{E6AC85E1-88C9-422A-9D3D-7B4F6E911B5B}"
EndProject
Project("{FAE04EC0-301F-11D3-BF4B-00C04F79EFBC}") = "GoQuo.Application", "GoQuo.Application\GoQuo.Application.csproj", "{41D74EC6-50B3-474B-AB32-83968FBEF763}"
EndProject
Global
	GlobalSection(SolutionConfigurationPlatforms) = preSolution
		Debug|Any CPU = Debug|Any CPU
		Release|Any CPU = Release|Any CPU
	EndGlobalSection
	GlobalSection(ProjectConfigurationPlatforms) = postSolution
		{E6AC85E1-88C9-422A-9D3D-7B4F6E911B5B}.Debug|Any CPU.ActiveCfg = Debug|Any CPU
		{E6AC85E1-88C9-422A-9D3D-7B4F6E911B5B}.Debug|Any CPU.Build.0 = Debug|Any CPU
		{E6AC85E1-88C9-422A-9D3D-7B4F6E911B5B}.Release|Any CPU.ActiveCfg = Release|Any CPU
		{E6AC85E1-88C9-422A-9D3D-7B4F6E911B5B}.Release|Any CPU.Build.0 = Release|Any CPU
		{41D74EC6-50B3-474B-AB32-83968FBEF763}.Debug|Any CPU.ActiveCfg = Debug|Any CPU
		{41D74EC6-50B3-474B-AB32-83968FBEF763}.Debug|Any CPU.Build.0 = Debug|Any CPU
		{41D74EC6-50B3-474B-AB32-83968FBEF763}.Release|Any CPU.ActiveCfg = Release|Any CPU
		{41D74EC6-50B3-474B-AB32-83968FBEF763}.Release|Any CPU.Build.0 = Release|Any CPU
	EndGlobalSection
	GlobalSection(SolutionProperties) = preSolution
		HideSolutionNode = FALSE
	EndGlobalSection
	GlobalSection(ExtensibilityGlobals) = postSolution
		SolutionGuid = {21D2F4C7-1645-4BCC-A0B8-9B5F3BEF60AD}
	EndGlobalSection
EndGlobal
